DEPENDENCIES
  cinder
    path: site-cookbooks/cinder
  gentoo
    git: https://github.com/aostanin/chef-gentoo.git
    revision: 81b48aa88f51c8612afc6b027305c0ca057a5c18
  glance
    path: site-cookbooks/glance
  horizon
    path: site-cookbooks/horizon
  keystone
    path: site-cookbooks/keystone
  mariadb
    path: site-cookbooks/mariadb
  neutron
    path: site-cookbooks/neutron
  nginx
    path: site-cookbooks/nginx
  nova
    path: site-cookbooks/nova
  rabbitmq
    path: site-cookbooks/rabbitmq

GRAPH
  cinder (0.1.0)
  gentoo (0.1.0)
  glance (0.1.0)
    gentoo (>= 0.0.0)
  horizon (0.1.0)
  keystone (0.1.0)
    gentoo (>= 0.0.0)
  mariadb (0.1.0)
  neutron (0.1.0)
  nginx (0.1.0)
  nova (0.1.0)
  rabbitmq (0.1.0)
    gentoo (>= 0.0.0)
